
Microsoft Visual Studio Solution File, Format Version 12.00
# Visual Studio 14
VisualStudioVersion = 14.0.23107.0
MinimumVisualStudioVersion = 10.0.40219.1
Project("{FAE04EC0-301F-11D3-BF4B-00C04F79EFBC}") = "MinistrySuite", "MinistrySuite\MinistrySuite.csproj", "{8630312F-0FBA-44B8-B483-60C3D6F75B2E}"
EndProject
Project("{FAE04EC0-301F-11D3-BF4B-00C04F79EFBC}") = "EFDataLayer", "DataLayer\EFDataLayer.csproj", "{B9BE512C-09F8-4815-854F-964C0ABF68CE}"
EndProject
Project("{FAE04EC0-301F-11D3-BF4B-00C04F79EFBC}") = "Repositories", "Repositories\Repositories.csproj", "{79ECDE10-B075-43D2-9404-4BB2ECF0D4B3}"
EndProject
Project("{FAE04EC0-301F-11D3-BF4B-00C04F79EFBC}") = "MinistrySuite.Web", "MinistrySuite.Web\MinistrySuite.Web.csproj", "{BBE449CC-DFD8-4E53-ACE1-6FAA5E7BC41F}"
EndProject
Project("{FAE04EC0-301F-11D3-BF4B-00C04F79EFBC}") = "MinistrySuite.Test", "MinistrySuite.Test\MinistrySuite.Test.csproj", "{4B628BCC-59D9-43A6-9D78-27667BC14E64}"
EndProject
Global
	GlobalSection(SolutionConfigurationPlatforms) = preSolution
		Debug|Any CPU = Debug|Any CPU
		Release|Any CPU = Release|Any CPU
	EndGlobalSection
	GlobalSection(ProjectConfigurationPlatforms) = postSolution
		{8630312F-0FBA-44B8-B483-60C3D6F75B2E}.Debug|Any CPU.ActiveCfg = Debug|Any CPU
		{8630312F-0FBA-44B8-B483-60C3D6F75B2E}.Debug|Any CPU.Build.0 = Debug|Any CPU
		{8630312F-0FBA-44B8-B483-60C3D6F75B2E}.Release|Any CPU.ActiveCfg = Release|Any CPU
		{8630312F-0FBA-44B8-B483-60C3D6F75B2E}.Release|Any CPU.Build.0 = Release|Any CPU
		{B9BE512C-09F8-4815-854F-964C0ABF68CE}.Debug|Any CPU.ActiveCfg = Debug|Any CPU
		{B9BE512C-09F8-4815-854F-964C0ABF68CE}.Debug|Any CPU.Build.0 = Debug|Any CPU
		{B9BE512C-09F8-4815-854F-964C0ABF68CE}.Release|Any CPU.ActiveCfg = Release|Any CPU
		{B9BE512C-09F8-4815-854F-964C0ABF68CE}.Release|Any CPU.Build.0 = Release|Any CPU
		{79ECDE10-B075-43D2-9404-4BB2ECF0D4B3}.Debug|Any CPU.ActiveCfg = Debug|Any CPU
		{79ECDE10-B075-43D2-9404-4BB2ECF0D4B3}.Debug|Any CPU.Build.0 = Debug|Any CPU
		{79ECDE10-B075-43D2-9404-4BB2ECF0D4B3}.Release|Any CPU.ActiveCfg = Release|Any CPU
		{79ECDE10-B075-43D2-9404-4BB2ECF0D4B3}.Release|Any CPU.Build.0 = Release|Any CPU
		{BBE449CC-DFD8-4E53-ACE1-6FAA5E7BC41F}.Debug|Any CPU.ActiveCfg = Debug|Any CPU
		{BBE449CC-DFD8-4E53-ACE1-6FAA5E7BC41F}.Debug|Any CPU.Build.0 = Debug|Any CPU
		{BBE449CC-DFD8-4E53-ACE1-6FAA5E7BC41F}.Release|Any CPU.ActiveCfg = Release|Any CPU
		{BBE449CC-DFD8-4E53-ACE1-6FAA5E7BC41F}.Release|Any CPU.Build.0 = Release|Any CPU
		{4B628BCC-59D9-43A6-9D78-27667BC14E64}.Debug|Any CPU.ActiveCfg = Debug|Any CPU
		{4B628BCC-59D9-43A6-9D78-27667BC14E64}.Debug|Any CPU.Build.0 = Debug|Any CPU
		{4B628BCC-59D9-43A6-9D78-27667BC14E64}.Release|Any CPU.ActiveCfg = Release|Any CPU
		{4B628BCC-59D9-43A6-9D78-27667BC14E64}.Release|Any CPU.Build.0 = Release|Any CPU
	EndGlobalSection
	GlobalSection(SolutionProperties) = preSolution
		HideSolutionNode = FALSE
	EndGlobalSection
EndGlobal
